
Microsoft Visual Studio Solution File, Format Version 12.00
# Visual Studio Version 16
VisualStudioVersion = 16.0.30114.105
MinimumVisualStudioVersion = 10.0.40219.1
Project("{2150E333-8FDC-42A3-9474-1A3956D46DE8}") = "Microservices", "Microservices", "{1FB13FC8-A118-4D20-9134-C38CF508700E}"
EndProject
Project("{2150E333-8FDC-42A3-9474-1A3956D46DE8}") = "Domain", "Domain", "{80BD55DA-FAC9-4F44-AE21-00FE7E15718D}"
EndProject
Project("{2150E333-8FDC-42A3-9474-1A3956D46DE8}") = "Infra.Bus", "Infra.Bus", "{89415213-2624-47AD-9D97-6FFD9F084A73}"
EndProject
Project("{2150E333-8FDC-42A3-9474-1A3956D46DE8}") = "Infra.IoC", "Infra.IoC", "{43157336-B903-4D01-AD2D-24B75B56B1DB}"
EndProject
Project("{2150E333-8FDC-42A3-9474-1A3956D46DE8}") = "Presentation", "Presentation", "{0A42E207-B79A-495B-965D-3B0219CB96FC}"
EndProject
Project("{9A19103F-16F7-4668-BE54-9A1E7A4F7556}") = "MicroRabbit.Domain.Core", "MicroRabbit.Domain.Core\MicroRabbit.Domain.Core.csproj", "{84B54CDC-EF43-4BFF-87C8-A6DCF7799D17}"
EndProject
Project("{FAE04EC0-301F-11D3-BF4B-00C04F79EFBC}") = "MicroRabbit.Infra.Bus", "MicroRabbit.Infra.Bus\MicroRabbit.Infra.Bus.csproj", "{119F345D-7361-46E8-B646-AFC99DFE584D}"
EndProject
Global
	GlobalSection(SolutionConfigurationPlatforms) = preSolution
		Debug|Any CPU = Debug|Any CPU
		Release|Any CPU = Release|Any CPU
	EndGlobalSection
	GlobalSection(ProjectConfigurationPlatforms) = postSolution
		{84B54CDC-EF43-4BFF-87C8-A6DCF7799D17}.Debug|Any CPU.ActiveCfg = Debug|Any CPU
		{84B54CDC-EF43-4BFF-87C8-A6DCF7799D17}.Debug|Any CPU.Build.0 = Debug|Any CPU
		{84B54CDC-EF43-4BFF-87C8-A6DCF7799D17}.Release|Any CPU.ActiveCfg = Release|Any CPU
		{84B54CDC-EF43-4BFF-87C8-A6DCF7799D17}.Release|Any CPU.Build.0 = Release|Any CPU
		{119F345D-7361-46E8-B646-AFC99DFE584D}.Debug|Any CPU.ActiveCfg = Debug|Any CPU
		{119F345D-7361-46E8-B646-AFC99DFE584D}.Debug|Any CPU.Build.0 = Debug|Any CPU
		{119F345D-7361-46E8-B646-AFC99DFE584D}.Release|Any CPU.ActiveCfg = Release|Any CPU
		{119F345D-7361-46E8-B646-AFC99DFE584D}.Release|Any CPU.Build.0 = Release|Any CPU
	EndGlobalSection
	GlobalSection(SolutionProperties) = preSolution
		HideSolutionNode = FALSE
	EndGlobalSection
	GlobalSection(NestedProjects) = preSolution
		{84B54CDC-EF43-4BFF-87C8-A6DCF7799D17} = {80BD55DA-FAC9-4F44-AE21-00FE7E15718D}
		{119F345D-7361-46E8-B646-AFC99DFE584D} = {89415213-2624-47AD-9D97-6FFD9F084A73}
	EndGlobalSection
	GlobalSection(ExtensibilityGlobals) = postSolution
		SolutionGuid = {9182217E-CCC2-498C-AEAF-026E93E64D86}
	EndGlobalSection
EndGlobal
