
Microsoft Visual Studio Solution File, Format Version 12.00
# Visual Studio Version 16
VisualStudioVersion = 16.0.30114.105
MinimumVisualStudioVersion = 10.0.40219.1
Project("{2150E333-8FDC-42A3-9474-1A3956D46DE8}") = "Microservices", "Microservices", "{1FB13FC8-A118-4D20-9134-C38CF508700E}"
EndProject
Project("{2150E333-8FDC-42A3-9474-1A3956D46DE8}") = "Domain", "Domain", "{80BD55DA-FAC9-4F44-AE21-00FE7E15718D}"
EndProject
Project("{2150E333-8FDC-42A3-9474-1A3956D46DE8}") = "Infra.Bus", "Infra.Bus", "{89415213-2624-47AD-9D97-6FFD9F084A73}"
EndProject
Project("{2150E333-8FDC-42A3-9474-1A3956D46DE8}") = "Infra.IoC", "Infra.IoC", "{43157336-B903-4D01-AD2D-24B75B56B1DB}"
EndProject
Project("{2150E333-8FDC-42A3-9474-1A3956D46DE8}") = "Presentation", "Presentation", "{0A42E207-B79A-495B-965D-3B0219CB96FC}"
EndProject
Project("{9A19103F-16F7-4668-BE54-9A1E7A4F7556}") = "MicroRabbit.Domain.Core", "MicroRabbit.Domain.Core\MicroRabbit.Domain.Core.csproj", "{84B54CDC-EF43-4BFF-87C8-A6DCF7799D17}"
EndProject
Project("{9A19103F-16F7-4668-BE54-9A1E7A4F7556}") = "MicroRabbit.Infra.Bus", "MicroRabbit.Infra.Bus\MicroRabbit.Infra.Bus.csproj", "{119F345D-7361-46E8-B646-AFC99DFE584D}"
EndProject
Project("{FAE04EC0-301F-11D3-BF4B-00C04F79EFBC}") = "MicroRabbit.Infra.IoC", "MicroRabbit.Infra.IoC\MicroRabbit.Infra.IoC.csproj", "{FE6C4A3B-0FEB-44E1-8CA5-56A7E320793D}"
EndProject
Project("{2150E333-8FDC-42A3-9474-1A3956D46DE8}") = "Banking", "Banking", "{5FCD177C-67F8-437C-A741-A9E61A1DE030}"
EndProject
Project("{2150E333-8FDC-42A3-9474-1A3956D46DE8}") = "API", "API", "{7A1B39F5-3A69-46A8-BC65-1D7AE49F50C0}"
EndProject
Project("{2150E333-8FDC-42A3-9474-1A3956D46DE8}") = "Application", "Application", "{E9C6C1ED-EBE8-4AC6-BB7A-6ADC0806EA15}"
EndProject
Project("{2150E333-8FDC-42A3-9474-1A3956D46DE8}") = "Data", "Data", "{33811119-2594-44F4-82BB-A7B792B19BF7}"
EndProject
Project("{2150E333-8FDC-42A3-9474-1A3956D46DE8}") = "Domain", "Domain", "{5B2CD1A4-C4A6-4546-809F-845CCFB4F9BC}"
EndProject
Project("{FAE04EC0-301F-11D3-BF4B-00C04F79EFBC}") = "MicroRabbit.Banking.Api", "MicroRabbit.Banking.Api\MicroRabbit.Banking.Api.csproj", "{A79D2C24-DCB6-4ABE-96FD-DDD2354BA46D}"
EndProject
Project("{FAE04EC0-301F-11D3-BF4B-00C04F79EFBC}") = "MicroRabbit.Banking.Application", "MicroRabbit.Banking.Application\MicroRabbit.Banking.Application.csproj", "{05D5B24C-1533-4834-8434-3B07DA36F66C}"
EndProject
Project("{FAE04EC0-301F-11D3-BF4B-00C04F79EFBC}") = "MicroRabbit.Banking.Data", "MicroRabbit.Banking.Data\MicroRabbit.Banking.Data.csproj", "{CC05520B-5B5D-4C6C-A2AB-8F0DD57E7B78}"
EndProject
Project("{FAE04EC0-301F-11D3-BF4B-00C04F79EFBC}") = "MicroRabbit.Banking.Domain", "MicroRabbit.Banking.Domain\MicroRabbit.Banking.Domain.csproj", "{5ACCFFBE-C90C-42AC-B292-6DD8DCC5CB31}"
EndProject
Global
	GlobalSection(SolutionConfigurationPlatforms) = preSolution
		Debug|Any CPU = Debug|Any CPU
		Release|Any CPU = Release|Any CPU
	EndGlobalSection
	GlobalSection(ProjectConfigurationPlatforms) = postSolution
		{84B54CDC-EF43-4BFF-87C8-A6DCF7799D17}.Debug|Any CPU.ActiveCfg = Debug|Any CPU
		{84B54CDC-EF43-4BFF-87C8-A6DCF7799D17}.Debug|Any CPU.Build.0 = Debug|Any CPU
		{84B54CDC-EF43-4BFF-87C8-A6DCF7799D17}.Release|Any CPU.ActiveCfg = Release|Any CPU
		{84B54CDC-EF43-4BFF-87C8-A6DCF7799D17}.Release|Any CPU.Build.0 = Release|Any CPU
		{119F345D-7361-46E8-B646-AFC99DFE584D}.Debug|Any CPU.ActiveCfg = Debug|Any CPU
		{119F345D-7361-46E8-B646-AFC99DFE584D}.Debug|Any CPU.Build.0 = Debug|Any CPU
		{119F345D-7361-46E8-B646-AFC99DFE584D}.Release|Any CPU.ActiveCfg = Release|Any CPU
		{119F345D-7361-46E8-B646-AFC99DFE584D}.Release|Any CPU.Build.0 = Release|Any CPU
		{FE6C4A3B-0FEB-44E1-8CA5-56A7E320793D}.Debug|Any CPU.ActiveCfg = Debug|Any CPU
		{FE6C4A3B-0FEB-44E1-8CA5-56A7E320793D}.Debug|Any CPU.Build.0 = Debug|Any CPU
		{FE6C4A3B-0FEB-44E1-8CA5-56A7E320793D}.Release|Any CPU.ActiveCfg = Release|Any CPU
		{FE6C4A3B-0FEB-44E1-8CA5-56A7E320793D}.Release|Any CPU.Build.0 = Release|Any CPU
		{A79D2C24-DCB6-4ABE-96FD-DDD2354BA46D}.Debug|Any CPU.ActiveCfg = Debug|Any CPU
		{A79D2C24-DCB6-4ABE-96FD-DDD2354BA46D}.Debug|Any CPU.Build.0 = Debug|Any CPU
		{A79D2C24-DCB6-4ABE-96FD-DDD2354BA46D}.Release|Any CPU.ActiveCfg = Release|Any CPU
		{A79D2C24-DCB6-4ABE-96FD-DDD2354BA46D}.Release|Any CPU.Build.0 = Release|Any CPU
		{05D5B24C-1533-4834-8434-3B07DA36F66C}.Debug|Any CPU.ActiveCfg = Debug|Any CPU
		{05D5B24C-1533-4834-8434-3B07DA36F66C}.Debug|Any CPU.Build.0 = Debug|Any CPU
		{05D5B24C-1533-4834-8434-3B07DA36F66C}.Release|Any CPU.ActiveCfg = Release|Any CPU
		{05D5B24C-1533-4834-8434-3B07DA36F66C}.Release|Any CPU.Build.0 = Release|Any CPU
		{CC05520B-5B5D-4C6C-A2AB-8F0DD57E7B78}.Debug|Any CPU.ActiveCfg = Debug|Any CPU
		{CC05520B-5B5D-4C6C-A2AB-8F0DD57E7B78}.Debug|Any CPU.Build.0 = Debug|Any CPU
		{CC05520B-5B5D-4C6C-A2AB-8F0DD57E7B78}.Release|Any CPU.ActiveCfg = Release|Any CPU
		{CC05520B-5B5D-4C6C-A2AB-8F0DD57E7B78}.Release|Any CPU.Build.0 = Release|Any CPU
		{5ACCFFBE-C90C-42AC-B292-6DD8DCC5CB31}.Debug|Any CPU.ActiveCfg = Debug|Any CPU
		{5ACCFFBE-C90C-42AC-B292-6DD8DCC5CB31}.Debug|Any CPU.Build.0 = Debug|Any CPU
		{5ACCFFBE-C90C-42AC-B292-6DD8DCC5CB31}.Release|Any CPU.ActiveCfg = Release|Any CPU
		{5ACCFFBE-C90C-42AC-B292-6DD8DCC5CB31}.Release|Any CPU.Build.0 = Release|Any CPU
	EndGlobalSection
	GlobalSection(SolutionProperties) = preSolution
		HideSolutionNode = FALSE
	EndGlobalSection
	GlobalSection(NestedProjects) = preSolution
		{84B54CDC-EF43-4BFF-87C8-A6DCF7799D17} = {80BD55DA-FAC9-4F44-AE21-00FE7E15718D}
		{119F345D-7361-46E8-B646-AFC99DFE584D} = {89415213-2624-47AD-9D97-6FFD9F084A73}
		{FE6C4A3B-0FEB-44E1-8CA5-56A7E320793D} = {43157336-B903-4D01-AD2D-24B75B56B1DB}
		{5FCD177C-67F8-437C-A741-A9E61A1DE030} = {1FB13FC8-A118-4D20-9134-C38CF508700E}
		{7A1B39F5-3A69-46A8-BC65-1D7AE49F50C0} = {5FCD177C-67F8-437C-A741-A9E61A1DE030}
		{E9C6C1ED-EBE8-4AC6-BB7A-6ADC0806EA15} = {5FCD177C-67F8-437C-A741-A9E61A1DE030}
		{33811119-2594-44F4-82BB-A7B792B19BF7} = {5FCD177C-67F8-437C-A741-A9E61A1DE030}
		{5B2CD1A4-C4A6-4546-809F-845CCFB4F9BC} = {5FCD177C-67F8-437C-A741-A9E61A1DE030}
		{A79D2C24-DCB6-4ABE-96FD-DDD2354BA46D} = {7A1B39F5-3A69-46A8-BC65-1D7AE49F50C0}
		{05D5B24C-1533-4834-8434-3B07DA36F66C} = {E9C6C1ED-EBE8-4AC6-BB7A-6ADC0806EA15}
		{CC05520B-5B5D-4C6C-A2AB-8F0DD57E7B78} = {33811119-2594-44F4-82BB-A7B792B19BF7}
		{5ACCFFBE-C90C-42AC-B292-6DD8DCC5CB31} = {5B2CD1A4-C4A6-4546-809F-845CCFB4F9BC}
	EndGlobalSection
	GlobalSection(ExtensibilityGlobals) = postSolution
		SolutionGuid = {9182217E-CCC2-498C-AEAF-026E93E64D86}
	EndGlobalSection
EndGlobal
